
Microsoft Visual Studio Solution File, Format Version 12.00
Project("{FAE04EC0-301F-11D3-BF4B-00C04F79EFBC}") = "LabaratoryWork1", "LabaratoryWork1\LabaratoryWork1.csproj", "{549748BD-00AA-47EF-B0D7-6E83340C9276}"
EndProject
Global
	GlobalSection(SolutionConfigurationPlatforms) = preSolution
		Debug|Any CPU = Debug|Any CPU
		Release|Any CPU = Release|Any CPU
	EndGlobalSection
	GlobalSection(ProjectConfigurationPlatforms) = postSolution
		{549748BD-00AA-47EF-B0D7-6E83340C9276}.Debug|Any CPU.ActiveCfg = Debug|Any CPU
		{549748BD-00AA-47EF-B0D7-6E83340C9276}.Debug|Any CPU.Build.0 = Debug|Any CPU
		{549748BD-00AA-47EF-B0D7-6E83340C9276}.Release|Any CPU.ActiveCfg = Release|Any CPU
		{549748BD-00AA-47EF-B0D7-6E83340C9276}.Release|Any CPU.Build.0 = Release|Any CPU
	EndGlobalSection
EndGlobal
